// !$*UTF8*$!
{
	archiveVersion = 1;
	classes = {
	};
	objectVersion = 50;
	objects = {

/* Begin PBXBuildFile section */
		D10B4C6921DB99E700F86AE4 /* AppDelegate.swift in Sources */ = {isa = PBXBuildFile; fileRef = D10B4C6821DB99E700F86AE4 /* AppDelegate.swift */; };
		D10B4C6B21DB99E700F86AE4 /* ViewController.swift in Sources */ = {isa = PBXBuildFile; fileRef = D10B4C6A21DB99E700F86AE4 /* ViewController.swift */; };
		D10B4C6E21DB99E700F86AE4 /* Main.storyboard in Resources */ = {isa = PBXBuildFile; fileRef = D10B4C6C21DB99E700F86AE4 /* Main.storyboard */; };
		D10B4C7121DB99E700F86AE4 /* checklist.xcdatamodeld in Sources */ = {isa = PBXBuildFile; fileRef = D10B4C6F21DB99E700F86AE4 /* checklist.xcdatamodeld */; };
		D10B4C7321DB99F400F86AE4 /* Assets.xcassets in Resources */ = {isa = PBXBuildFile; fileRef = D10B4C7221DB99F400F86AE4 /* Assets.xcassets */; };
		D10B4C7621DB99F400F86AE4 /* LaunchScreen.storyboard in Resources */ = {isa = PBXBuildFile; fileRef = D10B4C7421DB99F400F86AE4 /* LaunchScreen.storyboard */; };
/* End PBXBuildFile section */

/* Begin PBXFileReference section */
		D10B4C6521DB99E700F86AE4 /* checklist.app */ = {isa = PBXFileReference; explicitFileType = wrapper.application; includeInIndex = 0; path = checklist.app; sourceTree = BUILT_PRODUCTS_DIR; };
		D10B4C6821DB99E700F86AE4 /* AppDelegate.swift */ = {isa = PBXFileReference; lastKnownFileType = sourcecode.swift; path = AppDelegate.swift; sourceTree = "<group>"; };
		D10B4C6A21DB99E700F86AE4 /* ViewController.swift */ = {isa = PBXFileReference; lastKnownFileType = sourcecode.swift; path = ViewController.swift; sourceTree = "<group>"; };
		D10B4C6D21DB99E700F86AE4 /* Base */ = {isa = PBXFileReference; lastKnownFileType = file.storyboard; name = Base; path = Base.lproj/Main.storyboard; sourceTree = "<group>"; };
		D10B4C7021DB99E700F86AE4 /* checklist.xcdatamodel */ = {isa = PBXFileReference; lastKnownFileType = wrapper.xcdatamodel; path = checklist.xcdatamodel; sourceTree = "<group>"; };
		D10B4C7221DB99F400F86AE4 /* Assets.xcassets */ = {isa = PBXFileReference; lastKnownFileType = folder.assetcatalog; path = Assets.xcassets; sourceTree = "<group>"; };
		D10B4C7521DB99F400F86AE4 /* Base */ = {isa = PBXFileReference; lastKnownFileType = file.storyboard; name = Base; path = Base.lproj/LaunchScreen.storyboard; sourceTree = "<group>"; };
		D10B4C7721DB99F400F86AE4 /* Info.plist */ = {isa = PBXFileReference; lastKnownFileType = text.plist.xml; path = Info.plist; sourceTree = "<group>"; };
/* End PBXFileReference section */

/* Begin PBXFrameworksBuildPhase section */
		D10B4C6221DB99E700F86AE4 /* Frameworks */ = {
			isa = PBXFrameworksBuildPhase;
			buildActionMask = 2147483647;
			files = (
			);
			runOnlyForDeploymentPostprocessing = 0;
		};
/* End PBXFrameworksBuildPhase section */

/* Begin PBXGroup section */
		D10B4C5C21DB99E700F86AE4 = {
			isa = PBXGroup;
			children = (
				D10B4C6721DB99E700F86AE4 /* checklist */,
				D10B4C6621DB99E700F86AE4 /* Products */,
			);
			sourceTree = "<group>";
		};
		D10B4C6621DB99E700F86AE4 /* Products */ = {
			isa = PBXGroup;
			children = (
				D10B4C6521DB99E700F86AE4 /* checklist.app */,
			);
			name = Products;
			sourceTree = "<group>";
		};
		D10B4C6721DB99E700F86AE4 /* checklist */ = {
			isa = PBXGroup;
			children = (
				D10B4C6821DB99E700F86AE4 /* AppDelegate.swift */,
				D10B4C6A21DB99E700F86AE4 /* ViewController.swift */,
				D10B4C6C21DB99E700F86AE4 /* Main.storyboard */,
				D10B4C7221DB99F400F86AE4 /* Assets.xcassets */,
				D10B4C7421DB99F400F86AE4 /* LaunchScreen.storyboard */,
				D10B4C7721DB99F400F86AE4 /* Info.plist */,
				D10B4C6F21DB99E700F86AE4 /* checklist.xcdatamodeld */,
			);
			path = checklist;
			sourceTree = "<group>";
		};
/* End PBXGroup section */

/* Begin PBXNativeTarget section */
		D10B4C6421DB99E700F86AE4 /* checklist */ = {
			isa = PBXNativeTarget;
			buildConfigurationList = D10B4C7A21DB99F400F86AE4 /* Build configuration list for PBXNativeTarget "checklist" */;
			buildPhases = (
				D10B4C6121DB99E700F86AE4 /* Sources */,
				D10B4C6221DB99E700F86AE4 /* Frameworks */,
				D10B4C6321DB99E700F86AE4 /* Resources */,
			);
			buildRules = (
			);
			dependencies = (
			);
			name = checklist;
			productName = checklist;
			productReference = D10B4C6521DB99E700F86AE4 /* checklist.app */;
			productType = "com.apple.product-type.application";
		};
/* End PBXNativeTarget section */

/* Begin PBXProject section */
		D10B4C5D21DB99E700F86AE4 /* Project object */ = {
			isa = PBXProject;
			attributes = {
				LastSwiftUpdateCheck = 1000;
				LastUpgradeCheck = 1000;
				ORGANIZATIONNAME = "JiSoo Im";
				TargetAttributes = {
					D10B4C6421DB99E700F86AE4 = {
						CreatedOnToolsVersion = 10.0;
					};
				};
			};
			buildConfigurationList = D10B4C6021DB99E700F86AE4 /* Build configuration list for PBXProject "checklist" */;
			compatibilityVersion = "Xcode 9.3";
			developmentRegion = en;
			hasScannedForEncodings = 0;
			knownRegions = (
				en,
				Base,
			);
			mainGroup = D10B4C5C21DB99E700F86AE4;
			productRefGroup = D10B4C6621DB99E700F86AE4 /* Products */;
			projectDirPath = "";
			projectRoot = "";
			targets = (
				D10B4C6421DB99E700F86AE4 /* checklist */,
			);
		};
/* End PBXProject section */

/* Begin PBXResourcesBuildPhase section */
		D10B4C6321DB99E700F86AE4 /* Resources */ = {
			isa = PBXResourcesBuildPhase;
			buildActionMask = 2147483647;
			files = (
				D10B4C7621DB99F400F86AE4 /* LaunchScreen.storyboard in Resources */,
				D10B4C7321DB99F400F86AE4 /* Assets.xcassets in Resources */,
				D10B4C6E21DB99E700F86AE4 /* Main.storyboard in Resources */,
			);
			runOnlyForDeploymentPostprocessing = 0;
		};
/* End PBXResourcesBuildPhase section */

/* Begin PBXSourcesBuildPhase section */
		D10B4C6121DB99E700F86AE4 /* Sources */ = {
			isa = PBXSourcesBuildPhase;
			buildActionMask = 2147483647;
			files = (
				D10B4C6B21DB99E700F86AE4 /* ViewController.swift in Sources */,
				D10B4C6921DB99E700F86AE4 /* AppDelegate.swift in Sources */,
				D10B4C7121DB99E700F86AE4 /* checklist.xcdatamodeld in Sources */,
			);
			runOnlyForDeploymentPostprocessing = 0;
		};
/* End PBXSourcesBuildPhase section */

/* Begin PBXVariantGroup section */
		D10B4C6C21DB99E700F86AE4 /* Main.storyboard */ = {
			isa = PBXVariantGroup;
			children = (
				D10B4C6D21DB99E700F86AE4 /* Base */,
			);
			name = Main.storyboard;
			sourceTree = "<group>";
		};
		D10B4C7421DB99F400F86AE4 /* LaunchScreen.storyboard */ = {
			isa = PBXVariantGroup;
			children = (
				D10B4C7521DB99F400F86AE4 /* Base */,
			);
			name = LaunchScreen.storyboard;
			sourceTree = "<group>";
		};
/* End PBXVariantGroup section */

/* Begin XCBuildConfiguration section */
		D10B4C7821DB99F400F86AE4 /* Debug */ = {
			isa = XCBuildConfiguration;
			buildSettings = {
				ALWAYS_SEARCH_USER_PATHS = NO;
				CLANG_ANALYZER_NONNULL = YES;
				CLANG_ANALYZER_NUMBER_OBJECT_CONVERSION = YES_AGGRESSIVE;
				CLANG_CXX_LANGUAGE_STANDARD = "gnu++14";
				CLANG_CXX_LIBRARY = "libc++";
				CLANG_ENABLE_MODULES = YES;
				CLANG_ENABLE_OBJC_ARC = YES;
				CLANG_ENABLE_OBJC_WEAK = YES;
				CLANG_WARN_BLOCK_CAPTURE_AUTORELEASING = YES;
				CLANG_WARN_BOOL_CONVERSION = YES;
				CLANG_WARN_COMMA = YES;
				CLANG_WARN_CONSTANT_CONVERSION = YES;
				CLANG_WARN_DEPRECATED_OBJC_IMPLEMENTATIONS = YES;
				CLANG_WARN_DIRECT_OBJC_ISA_USAGE = YES_ERROR;
				CLANG_WARN_DOCUMENTATION_COMMENTS = YES;
				CLANG_WARN_EMPTY_BODY = YES;
				CLANG_WARN_ENUM_CONVERSION = YES;
				CLANG_WARN_INFINITE_RECURSION = YES;
				CLANG_WARN_INT_CONVERSION = YES;
				CLANG_WARN_NON_LITERAL_NULL_CONVERSION = YES;
				CLANG_WARN_OBJC_IMPLICIT_RETAIN_SELF = YES;
				CLANG_WARN_OBJC_LITERAL_CONVERSION = YES;
				CLANG_WARN_OBJC_ROOT_CLASS = YES_ERROR;
				CLANG_WARN_RANGE_LOOP_ANALYSIS = YES;
				CLANG_WARN_STRICT_PROTOTYPES = YES;
				CLANG_WARN_SUSPICIOUS_MOVE = YES;
				CLANG_WARN_UNGUARDED_AVAILABILITY = YES_AGGRESSIVE;
				CLANG_WARN_UNREACHABLE_CODE = YES;
				CLANG_WARN__DUPLICATE_METHOD_MATCH = YES;
				CODE_SIGN_IDENTITY = "iPhone Developer";
				COPY_PHASE_STRIP = NO;
				DEBUG_INFORMATION_FORMAT = dwarf;
				ENABLE_STRICT_OBJC_MSGSEND = YES;
				ENABLE_TESTABILITY = YES;
				GCC_C_LANGUAGE_STANDARD = gnu11;
				GCC_DYNAMIC_NO_PIC = NO;
				GCC_NO_COMMON_BLOCKS = YES;
				GCC_OPTIMIZATION_LEVEL = 0;
				GCC_PREPROCESSOR_DEFINITIONS = (
					"DEBUG=1",
					"$(inherited)",
				);
				GCC_WARN_64_TO_32_BIT_CONVERSION = YES;
				GCC_WARN_ABOUT_RETURN_TYPE = YES_ERROR;
				GCC_WARN_UNDECLARED_SELECTOR = YES;
				GCC_WARN_UNINITIALIZED_AUTOS = YES_AGGRESSIVE;
				GCC_WARN_UNUSED_FUNCTION = YES;
				GCC_WARN_UNUSED_VARIABLE = YES;
				IPHONEOS_DEPLOYMENT_TARGET = 12.0;
				MTL_ENABLE_DEBUG_INFO = INCLUDE_SOURCE;
				MTL_FAST_MATH = YES;
				ONLY_ACTIVE_ARCH = YES;
				SDKROOT = iphoneos;
				SWIFT_ACTIVE_COMPILATION_CONDITIONS = DEBUG;
				SWIFT_OPTIMIZATION_LEVEL = "-Onone";
			};
			name = Debug;
		};
		D10B4C7921DB99F400F86AE4 /* Release */ = {
			isa = XCBuildConfiguration;
			buildSettings = {
				ALWAYS_SEARCH_USER_PATHS = NO;
				CLANG_ANALYZER_NONNULL = YES;
				CLANG_ANALYZER_NUMBER_OBJECT_CONVERSION = YES_AGGRESSIVE;
				CLANG_CXX_LANGUAGE_STANDARD = "gnu++14";
				CLANG_CXX_LIBRARY = "libc++";
				CLANG_ENABLE_MODULES = YES;
				CLANG_ENABLE_OBJC_ARC = YES;
				CLANG_ENABLE_OBJC_WEAK = YES;
				CLANG_WARN_BLOCK_CAPTURE_AUTORELEASING = YES;
				CLANG_WARN_BOOL_CONVERSION = YES;
				CLANG_WARN_COMMA = YES;
				CLANG_WARN_CONSTANT_CONVERSION = YES;
				CLANG_WARN_DEPRECATED_OBJC_IMPLEMENTATIONS = YES;
				CLANG_WARN_DIRECT_OBJC_ISA_USAGE = YES_ERROR;
				CLANG_WARN_DOCUMENTATION_COMMENTS = YES;
				CLANG_WARN_EMPTY_BODY = YES;
				CLANG_WARN_ENUM_CONVERSION = YES;
				CLANG_WARN_INFINITE_RECURSION = YES;
				CLANG_WARN_INT_CONVERSION = YES;
				CLANG_WARN_NON_LITERAL_NULL_CONVERSION = YES;
				CLANG_WARN_OBJC_IMPLICIT_RETAIN_SELF = YES;
				CLANG_WARN_OBJC_LITERAL_CONVERSION = YES;
				CLANG_WARN_OBJC_ROOT_CLASS = YES_ERROR;
				CLANG_WARN_RANGE_LOOP_ANALYSIS = YES;
				CLANG_WARN_STRICT_PROTOTYPES = YES;
				CLANG_WARN_SUSPICIOUS_MOVE = YES;
				CLANG_WARN_UNGUARDED_AVAILABILITY = YES_AGGRESSIVE;
				CLANG_WARN_UNREACHABLE_CODE = YES;
				CLANG_WARN__DUPLICATE_METHOD_MATCH = YES;
				CODE_SIGN_IDENTITY = "iPhone Developer";
				COPY_PHASE_STRIP = NO;
				DEBUG_INFORMATION_FORMAT = "dwarf-with-dsym";
				ENABLE_NS_ASSERTIONS = NO;
				ENABLE_STRICT_OBJC_MSGSEND = YES;
				GCC_C_LANGUAGE_STANDARD = gnu11;
				GCC_NO_COMMON_BLOCKS = YES;
				GCC_WARN_64_TO_32_BIT_CONVERSION = YES;
				GCC_WARN_ABOUT_RETURN_TYPE = YES_ERROR;
				GCC_WARN_UNDECLARED_SELECTOR = YES;
				GCC_WARN_UNINITIALIZED_AUTOS = YES_AGGRESSIVE;
				GCC_WARN_UNUSED_FUNCTION = YES;
				GCC_WARN_UNUSED_VARIABLE = YES;
				IPHONEOS_DEPLOYMENT_TARGET = 12.0;
				MTL_ENABLE_DEBUG_INFO = NO;
				MTL_FAST_MATH = YES;
				SDKROOT = iphoneos;
				SWIFT_COMPILATION_MODE = wholemodule;
				SWIFT_OPTIMIZATION_LEVEL = "-O";
				VALIDATE_PRODUCT = YES;
			};
			name = Release;
		};
		D10B4C7B21DB99F400F86AE4 /* Debug */ = {
			isa = XCBuildConfiguration;
			buildSettings = {
				ASSETCATALOG_COMPILER_APPICON_NAME = AppIcon;
				CODE_SIGN_STYLE = Automatic;
				INFOPLIST_FILE = checklist/Info.plist;
				LD_RUNPATH_SEARCH_PATHS = (
					"$(inherited)",
					"@executable_path/Frameworks",
				);
				PRODUCT_BUNDLE_IDENTIFIER = soo.1770092.checklist;
				PRODUCT_NAME = "$(TARGET_NAME)";
				SWIFT_VERSION = 4.2;
				TARGETED_DEVICE_FAMILY = "1,2";
			};
			name = Debug;
		};
		D10B4C7C21DB99F400F86AE4 /* Release */ = {
			isa = XCBuildConfiguration;
			buildSettings = {
				ASSETCATALOG_COMPILER_APPICON_NAME = AppIcon;
				CODE_SIGN_STYLE = Automatic;
				INFOPLIST_FILE = checklist/Info.plist;
				LD_RUNPATH_SEARCH_PATHS = (
					"$(inherited)",
					"@executable_path/Frameworks",
				);
				PRODUCT_BUNDLE_IDENTIFIER = soo.1770092.checklist;
				PRODUCT_NAME = "$(TARGET_NAME)";
				SWIFT_VERSION = 4.2;
				TARGETED_DEVICE_FAMILY = "1,2";
			};
			name = Release;
		};
/* End XCBuildConfiguration section */

/* Begin XCConfigurationList section */
		D10B4C6021DB99E700F86AE4 /* Build configuration list for PBXProject "checklist" */ = {
			isa = XCConfigurationList;
			buildConfigurations = (
				D10B4C7821DB99F400F86AE4 /* Debug */,
				D10B4C7921DB99F400F86AE4 /* Release */,
			);
			defaultConfigurationIsVisible = 0;
			defaultConfigurationName = Release;
		};
		D10B4C7A21DB99F400F86AE4 /* Build configuration list for PBXNativeTarget "checklist" */ = {
			isa = XCConfigurationList;
			buildConfigurations = (
				D10B4C7B21DB99F400F86AE4 /* Debug */,
				D10B4C7C21DB99F400F86AE4 /* Release */,
			);
			defaultConfigurationIsVisible = 0;
			defaultConfigurationName = Release;
		};
/* End XCConfigurationList section */

/* Begin XCVersionGroup section */
		D10B4C6F21DB99E700F86AE4 /* checklist.xcdatamodeld */ = {
			isa = XCVersionGroup;
			children = (
				D10B4C7021DB99E700F86AE4 /* checklist.xcdatamodel */,
			);
			currentVersion = D10B4C7021DB99E700F86AE4 /* checklist.xcdatamodel */;
			path = checklist.xcdatamodeld;
			sourceTree = "<group>";
			versionGroupType = wrapper.xcdatamodel;
		};
/* End XCVersionGroup section */
	};
	rootObject = D10B4C5D21DB99E700F86AE4 /* Project object */;
}
